// !$*UTF8*$!
{
	archiveVersion = 1;
	classes = {
	};
	objectVersion = 55;
	objects = {

/* Begin PBXBuildFile section */
		915488D3289735A800764E4B /* LoginView.swift in Sources */ = {isa = PBXBuildFile; fileRef = 915488D2289735A800764E4B /* LoginView.swift */; };
		915488D528973BF200764E4B /* GoogleService-Info.plist in Resources */ = {isa = PBXBuildFile; fileRef = 915488D428973BF200764E4B /* GoogleService-Info.plist */; };
		9154890F28974DC600764E4B /* FirebaseAuth in Frameworks */ = {isa = PBXBuildFile; productRef = 9154890E28974DC600764E4B /* FirebaseAuth */; };
		91789835288FB03D00B25124 /* CO_LIFTApp.swift in Sources */ = {isa = PBXBuildFile; fileRef = 91789834288FB03D00B25124 /* CO_LIFTApp.swift */; };
		91789837288FB03D00B25124 /* ContentView.swift in Sources */ = {isa = PBXBuildFile; fileRef = 91789836288FB03D00B25124 /* ContentView.swift */; };
		91789839288FB03F00B25124 /* Assets.xcassets in Resources */ = {isa = PBXBuildFile; fileRef = 91789838288FB03F00B25124 /* Assets.xcassets */; };
		9178983C288FB03F00B25124 /* Preview Assets.xcassets in Resources */ = {isa = PBXBuildFile; fileRef = 9178983B288FB03F00B25124 /* Preview Assets.xcassets */; };
		91789846288FB03F00B25124 /* CO_LIFTTests.swift in Sources */ = {isa = PBXBuildFile; fileRef = 91789845288FB03F00B25124 /* CO_LIFTTests.swift */; };
		91789850288FB03F00B25124 /* CO_LIFTUITests.swift in Sources */ = {isa = PBXBuildFile; fileRef = 9178984F288FB03F00B25124 /* CO_LIFTUITests.swift */; };
		91789852288FB03F00B25124 /* CO_LIFTUITestsLaunchTests.swift in Sources */ = {isa = PBXBuildFile; fileRef = 91789851288FB03F00B25124 /* CO_LIFTUITestsLaunchTests.swift */; };
		9178986328905E2800B25124 /* RobotoSlab-VariableFont_wght.ttf in Resources */ = {isa = PBXBuildFile; fileRef = 9178986228905E2800B25124 /* RobotoSlab-VariableFont_wght.ttf */; };
		9192387A28909B8000DD4A74 /* SignUpView.swift in Sources */ = {isa = PBXBuildFile; fileRef = 9192387928909B8000DD4A74 /* SignUpView.swift */; };
		9192387E28923A9D00DD4A74 /* GameView.swift in Sources */ = {isa = PBXBuildFile; fileRef = 9192387D28923A9C00DD4A74 /* GameView.swift */; };
		91923880289348C600DD4A74 /* ViewRouter.swift in Sources */ = {isa = PBXBuildFile; fileRef = 9192387F289348C600DD4A74 /* ViewRouter.swift */; };
		919238822893571500DD4A74 /* MotherView.swift in Sources */ = {isa = PBXBuildFile; fileRef = 919238812893571500DD4A74 /* MotherView.swift */; };
		919238842893606200DD4A74 /* TaskView.swift in Sources */ = {isa = PBXBuildFile; fileRef = 919238832893606200DD4A74 /* TaskView.swift */; };
		91923886289392B400DD4A74 /* TimerView.swift in Sources */ = {isa = PBXBuildFile; fileRef = 91923885289392B400DD4A74 /* TimerView.swift */; };
		9192388828939C8800DD4A74 /* ProgressionView.swift in Sources */ = {isa = PBXBuildFile; fileRef = 9192388728939C8800DD4A74 /* ProgressionView.swift */; };
		91AFE05A2894B51500FFF5DC /* HealthDataView.swift in Sources */ = {isa = PBXBuildFile; fileRef = 91AFE0592894B51500FFF5DC /* HealthDataView.swift */; };
/* End PBXBuildFile section */

/* Begin PBXContainerItemProxy section */
		91789842288FB03F00B25124 /* PBXContainerItemProxy */ = {
			isa = PBXContainerItemProxy;
			containerPortal = 91789829288FB03D00B25124 /* Project object */;
			proxyType = 1;
			remoteGlobalIDString = 91789830288FB03D00B25124;
			remoteInfo = "CO-LIFT";
		};
		9178984C288FB03F00B25124 /* PBXContainerItemProxy */ = {
			isa = PBXContainerItemProxy;
			containerPortal = 91789829288FB03D00B25124 /* Project object */;
			proxyType = 1;
			remoteGlobalIDString = 91789830288FB03D00B25124;
			remoteInfo = "CO-LIFT";
		};
/* End PBXContainerItemProxy section */

/* Begin PBXFileReference section */
		915488D2289735A800764E4B /* LoginView.swift */ = {isa = PBXFileReference; lastKnownFileType = sourcecode.swift; path = LoginView.swift; sourceTree = "<group>"; };
		915488D428973BF200764E4B /* GoogleService-Info.plist */ = {isa = PBXFileReference; fileEncoding = 4; lastKnownFileType = text.plist.xml; path = "GoogleService-Info.plist"; sourceTree = "<group>"; };
		91789831288FB03D00B25124 /* CO-LIFT.app */ = {isa = PBXFileReference; explicitFileType = wrapper.application; includeInIndex = 0; path = "CO-LIFT.app"; sourceTree = BUILT_PRODUCTS_DIR; };
		91789834288FB03D00B25124 /* CO_LIFTApp.swift */ = {isa = PBXFileReference; lastKnownFileType = sourcecode.swift; path = CO_LIFTApp.swift; sourceTree = "<group>"; };
		91789836288FB03D00B25124 /* ContentView.swift */ = {isa = PBXFileReference; lastKnownFileType = sourcecode.swift; path = ContentView.swift; sourceTree = "<group>"; };
		91789838288FB03F00B25124 /* Assets.xcassets */ = {isa = PBXFileReference; lastKnownFileType = folder.assetcatalog; path = Assets.xcassets; sourceTree = "<group>"; };
		9178983B288FB03F00B25124 /* Preview Assets.xcassets */ = {isa = PBXFileReference; lastKnownFileType = folder.assetcatalog; path = "Preview Assets.xcassets"; sourceTree = "<group>"; };
		91789841288FB03F00B25124 /* CO-LIFTTests.xctest */ = {isa = PBXFileReference; explicitFileType = wrapper.cfbundle; includeInIndex = 0; path = "CO-LIFTTests.xctest"; sourceTree = BUILT_PRODUCTS_DIR; };
		91789845288FB03F00B25124 /* CO_LIFTTests.swift */ = {isa = PBXFileReference; lastKnownFileType = sourcecode.swift; path = CO_LIFTTests.swift; sourceTree = "<group>"; };
		9178984B288FB03F00B25124 /* CO-LIFTUITests.xctest */ = {isa = PBXFileReference; explicitFileType = wrapper.cfbundle; includeInIndex = 0; path = "CO-LIFTUITests.xctest"; sourceTree = BUILT_PRODUCTS_DIR; };
		9178984F288FB03F00B25124 /* CO_LIFTUITests.swift */ = {isa = PBXFileReference; lastKnownFileType = sourcecode.swift; path = CO_LIFTUITests.swift; sourceTree = "<group>"; };
		91789851288FB03F00B25124 /* CO_LIFTUITestsLaunchTests.swift */ = {isa = PBXFileReference; lastKnownFileType = sourcecode.swift; path = CO_LIFTUITestsLaunchTests.swift; sourceTree = "<group>"; };
		9178986228905E2800B25124 /* RobotoSlab-VariableFont_wght.ttf */ = {isa = PBXFileReference; lastKnownFileType = file; path = "RobotoSlab-VariableFont_wght.ttf"; sourceTree = "<group>"; };
		9178986428905F8C00B25124 /* Info.plist */ = {isa = PBXFileReference; lastKnownFileType = text.plist; path = Info.plist; sourceTree = "<group>"; };
		9192387928909B8000DD4A74 /* SignUpView.swift */ = {isa = PBXFileReference; lastKnownFileType = sourcecode.swift; path = SignUpView.swift; sourceTree = "<group>"; };
		9192387D28923A9C00DD4A74 /* GameView.swift */ = {isa = PBXFileReference; lastKnownFileType = sourcecode.swift; path = GameView.swift; sourceTree = "<group>"; };
		9192387F289348C600DD4A74 /* ViewRouter.swift */ = {isa = PBXFileReference; lastKnownFileType = sourcecode.swift; path = ViewRouter.swift; sourceTree = "<group>"; };
		919238812893571500DD4A74 /* MotherView.swift */ = {isa = PBXFileReference; lastKnownFileType = sourcecode.swift; path = MotherView.swift; sourceTree = "<group>"; };
		919238832893606200DD4A74 /* TaskView.swift */ = {isa = PBXFileReference; lastKnownFileType = sourcecode.swift; path = TaskView.swift; sourceTree = "<group>"; };
		91923885289392B400DD4A74 /* TimerView.swift */ = {isa = PBXFileReference; lastKnownFileType = sourcecode.swift; path = TimerView.swift; sourceTree = "<group>"; };
		9192388728939C8800DD4A74 /* ProgressionView.swift */ = {isa = PBXFileReference; lastKnownFileType = sourcecode.swift; path = ProgressionView.swift; sourceTree = "<group>"; };
		91AFE0592894B51500FFF5DC /* HealthDataView.swift */ = {isa = PBXFileReference; lastKnownFileType = sourcecode.swift; path = HealthDataView.swift; sourceTree = "<group>"; };
/* End PBXFileReference section */

/* Begin PBXFrameworksBuildPhase section */
		9178982E288FB03D00B25124 /* Frameworks */ = {
			isa = PBXFrameworksBuildPhase;
			buildActionMask = 2147483647;
			files = (
				9154890F28974DC600764E4B /* FirebaseAuth in Frameworks */,
			);
			runOnlyForDeploymentPostprocessing = 0;
		};
		9178983E288FB03F00B25124 /* Frameworks */ = {
			isa = PBXFrameworksBuildPhase;
			buildActionMask = 2147483647;
			files = (
			);
			runOnlyForDeploymentPostprocessing = 0;
		};
		91789848288FB03F00B25124 /* Frameworks */ = {
			isa = PBXFrameworksBuildPhase;
			buildActionMask = 2147483647;
			files = (
			);
			runOnlyForDeploymentPostprocessing = 0;
		};
/* End PBXFrameworksBuildPhase section */

/* Begin PBXGroup section */
		91789828288FB03D00B25124 = {
			isa = PBXGroup;
			children = (
				91789833288FB03D00B25124 /* CO-LIFT */,
				91789844288FB03F00B25124 /* CO-LIFTTests */,
				9178984E288FB03F00B25124 /* CO-LIFTUITests */,
				91789832288FB03D00B25124 /* Products */,
			);
			sourceTree = "<group>";
		};
		91789832288FB03D00B25124 /* Products */ = {
			isa = PBXGroup;
			children = (
				91789831288FB03D00B25124 /* CO-LIFT.app */,
				91789841288FB03F00B25124 /* CO-LIFTTests.xctest */,
				9178984B288FB03F00B25124 /* CO-LIFTUITests.xctest */,
			);
			name = Products;
			sourceTree = "<group>";
		};
		91789833288FB03D00B25124 /* CO-LIFT */ = {
			isa = PBXGroup;
			children = (
				9178986428905F8C00B25124 /* Info.plist */,
				9178986228905E2800B25124 /* RobotoSlab-VariableFont_wght.ttf */,
				91789834288FB03D00B25124 /* CO_LIFTApp.swift */,
				91789836288FB03D00B25124 /* ContentView.swift */,
				9192387928909B8000DD4A74 /* SignUpView.swift */,
				915488D2289735A800764E4B /* LoginView.swift */,
				9192387D28923A9C00DD4A74 /* GameView.swift */,
				919238812893571500DD4A74 /* MotherView.swift */,
				9192387F289348C600DD4A74 /* ViewRouter.swift */,
				91923885289392B400DD4A74 /* TimerView.swift */,
				919238832893606200DD4A74 /* TaskView.swift */,
				9192388728939C8800DD4A74 /* ProgressionView.swift */,
				91AFE0592894B51500FFF5DC /* HealthDataView.swift */,
				915488D428973BF200764E4B /* GoogleService-Info.plist */,
				91789838288FB03F00B25124 /* Assets.xcassets */,
				9178983A288FB03F00B25124 /* Preview Content */,
			);
			path = "CO-LIFT";
			sourceTree = "<group>";
		};
		9178983A288FB03F00B25124 /* Preview Content */ = {
			isa = PBXGroup;
			children = (
				9178983B288FB03F00B25124 /* Preview Assets.xcassets */,
			);
			path = "Preview Content";
			sourceTree = "<group>";
		};
		91789844288FB03F00B25124 /* CO-LIFTTests */ = {
			isa = PBXGroup;
			children = (
				91789845288FB03F00B25124 /* CO_LIFTTests.swift */,
			);
			path = "CO-LIFTTests";
			sourceTree = "<group>";
		};
		9178984E288FB03F00B25124 /* CO-LIFTUITests */ = {
			isa = PBXGroup;
			children = (
				9178984F288FB03F00B25124 /* CO_LIFTUITests.swift */,
				91789851288FB03F00B25124 /* CO_LIFTUITestsLaunchTests.swift */,
			);
			path = "CO-LIFTUITests";
			sourceTree = "<group>";
		};
/* End PBXGroup section */

/* Begin PBXNativeTarget section */
		91789830288FB03D00B25124 /* CO-LIFT */ = {
			isa = PBXNativeTarget;
			buildConfigurationList = 91789855288FB03F00B25124 /* Build configuration list for PBXNativeTarget "CO-LIFT" */;
			buildPhases = (
				9178982D288FB03D00B25124 /* Sources */,
				9178982E288FB03D00B25124 /* Frameworks */,
				9178982F288FB03D00B25124 /* Resources */,
			);
			buildRules = (
			);
			dependencies = (
			);
			name = "CO-LIFT";
			packageProductDependencies = (
				9154890E28974DC600764E4B /* FirebaseAuth */,
			);
			productName = "CO-LIFT";
			productReference = 91789831288FB03D00B25124 /* CO-LIFT.app */;
			productType = "com.apple.product-type.application";
		};
		91789840288FB03F00B25124 /* CO-LIFTTests */ = {
			isa = PBXNativeTarget;
			buildConfigurationList = 91789858288FB03F00B25124 /* Build configuration list for PBXNativeTarget "CO-LIFTTests" */;
			buildPhases = (
				9178983D288FB03F00B25124 /* Sources */,
				9178983E288FB03F00B25124 /* Frameworks */,
				9178983F288FB03F00B25124 /* Resources */,
			);
			buildRules = (
			);
			dependencies = (
				91789843288FB03F00B25124 /* PBXTargetDependency */,
			);
			name = "CO-LIFTTests";
			productName = "CO-LIFTTests";
			productReference = 91789841288FB03F00B25124 /* CO-LIFTTests.xctest */;
			productType = "com.apple.product-type.bundle.unit-test";
		};
		9178984A288FB03F00B25124 /* CO-LIFTUITests */ = {
			isa = PBXNativeTarget;
			buildConfigurationList = 9178985B288FB03F00B25124 /* Build configuration list for PBXNativeTarget "CO-LIFTUITests" */;
			buildPhases = (
				91789847288FB03F00B25124 /* Sources */,
				91789848288FB03F00B25124 /* Frameworks */,
				91789849288FB03F00B25124 /* Resources */,
			);
			buildRules = (
			);
			dependencies = (
				9178984D288FB03F00B25124 /* PBXTargetDependency */,
			);
			name = "CO-LIFTUITests";
			productName = "CO-LIFTUITests";
			productReference = 9178984B288FB03F00B25124 /* CO-LIFTUITests.xctest */;
			productType = "com.apple.product-type.bundle.ui-testing";
		};
/* End PBXNativeTarget section */

/* Begin PBXProject section */
		91789829288FB03D00B25124 /* Project object */ = {
			isa = PBXProject;
			attributes = {
				BuildIndependentTargetsInParallel = 1;
				LastSwiftUpdateCheck = 1340;
				LastUpgradeCheck = 1340;
				TargetAttributes = {
					91789830288FB03D00B25124 = {
						CreatedOnToolsVersion = 13.4.1;
					};
					91789840288FB03F00B25124 = {
						CreatedOnToolsVersion = 13.4.1;
						TestTargetID = 91789830288FB03D00B25124;
					};
					9178984A288FB03F00B25124 = {
						CreatedOnToolsVersion = 13.4.1;
						TestTargetID = 91789830288FB03D00B25124;
					};
				};
			};
			buildConfigurationList = 9178982C288FB03D00B25124 /* Build configuration list for PBXProject "CO-LIFT" */;
			compatibilityVersion = "Xcode 13.0";
			developmentRegion = en;
			hasScannedForEncodings = 0;
			knownRegions = (
				en,
				Base,
			);
			mainGroup = 91789828288FB03D00B25124;
			packageReferences = (
				9154890D28974DC600764E4B /* XCRemoteSwiftPackageReference "firebase-ios-sdk" */,
			);
			productRefGroup = 91789832288FB03D00B25124 /* Products */;
			projectDirPath = "";
			projectRoot = "";
			targets = (
				91789830288FB03D00B25124 /* CO-LIFT */,
				91789840288FB03F00B25124 /* CO-LIFTTests */,
				9178984A288FB03F00B25124 /* CO-LIFTUITests */,
			);
		};
/* End PBXProject section */

/* Begin PBXResourcesBuildPhase section */
		9178982F288FB03D00B25124 /* Resources */ = {
			isa = PBXResourcesBuildPhase;
			buildActionMask = 2147483647;
			files = (
				9178986328905E2800B25124 /* RobotoSlab-VariableFont_wght.ttf in Resources */,
				915488D528973BF200764E4B /* GoogleService-Info.plist in Resources */,
				9178983C288FB03F00B25124 /* Preview Assets.xcassets in Resources */,
				91789839288FB03F00B25124 /* Assets.xcassets in Resources */,
			);
			runOnlyForDeploymentPostprocessing = 0;
		};
		9178983F288FB03F00B25124 /* Resources */ = {
			isa = PBXResourcesBuildPhase;
			buildActionMask = 2147483647;
			files = (
			);
			runOnlyForDeploymentPostprocessing = 0;
		};
		91789849288FB03F00B25124 /* Resources */ = {
			isa = PBXResourcesBuildPhase;
			buildActionMask = 2147483647;
			files = (
			);
			runOnlyForDeploymentPostprocessing = 0;
		};
/* End PBXResourcesBuildPhase section */

/* Begin PBXSourcesBuildPhase section */
		9178982D288FB03D00B25124 /* Sources */ = {
			isa = PBXSourcesBuildPhase;
			buildActionMask = 2147483647;
			files = (
				91923880289348C600DD4A74 /* ViewRouter.swift in Sources */,
				919238842893606200DD4A74 /* TaskView.swift in Sources */,
				919238822893571500DD4A74 /* MotherView.swift in Sources */,
				91789837288FB03D00B25124 /* ContentView.swift in Sources */,
				9192387A28909B8000DD4A74 /* SignUpView.swift in Sources */,
				91789835288FB03D00B25124 /* CO_LIFTApp.swift in Sources */,
				91AFE05A2894B51500FFF5DC /* HealthDataView.swift in Sources */,
				9192388828939C8800DD4A74 /* ProgressionView.swift in Sources */,
				915488D3289735A800764E4B /* LoginView.swift in Sources */,
				91923886289392B400DD4A74 /* TimerView.swift in Sources */,
				9192387E28923A9D00DD4A74 /* GameView.swift in Sources */,
			);
			runOnlyForDeploymentPostprocessing = 0;
		};
		9178983D288FB03F00B25124 /* Sources */ = {
			isa = PBXSourcesBuildPhase;
			buildActionMask = 2147483647;
			files = (
				91789846288FB03F00B25124 /* CO_LIFTTests.swift in Sources */,
			);
			runOnlyForDeploymentPostprocessing = 0;
		};
		91789847288FB03F00B25124 /* Sources */ = {
			isa = PBXSourcesBuildPhase;
			buildActionMask = 2147483647;
			files = (
				91789850288FB03F00B25124 /* CO_LIFTUITests.swift in Sources */,
				91789852288FB03F00B25124 /* CO_LIFTUITestsLaunchTests.swift in Sources */,
			);
			runOnlyForDeploymentPostprocessing = 0;
		};
/* End PBXSourcesBuildPhase section */

/* Begin PBXTargetDependency section */
		91789843288FB03F00B25124 /* PBXTargetDependency */ = {
			isa = PBXTargetDependency;
			target = 91789830288FB03D00B25124 /* CO-LIFT */;
			targetProxy = 91789842288FB03F00B25124 /* PBXContainerItemProxy */;
		};
		9178984D288FB03F00B25124 /* PBXTargetDependency */ = {
			isa = PBXTargetDependency;
			target = 91789830288FB03D00B25124 /* CO-LIFT */;
			targetProxy = 9178984C288FB03F00B25124 /* PBXContainerItemProxy */;
		};
/* End PBXTargetDependency section */

/* Begin XCBuildConfiguration section */
		91789853288FB03F00B25124 /* Debug */ = {
			isa = XCBuildConfiguration;
			buildSettings = {
				ALWAYS_SEARCH_USER_PATHS = NO;
				CLANG_ANALYZER_NONNULL = YES;
				CLANG_ANALYZER_NUMBER_OBJECT_CONVERSION = YES_AGGRESSIVE;
				CLANG_CXX_LANGUAGE_STANDARD = "gnu++17";
				CLANG_ENABLE_MODULES = YES;
				CLANG_ENABLE_OBJC_ARC = YES;
				CLANG_ENABLE_OBJC_WEAK = YES;
				CLANG_WARN_BLOCK_CAPTURE_AUTORELEASING = YES;
				CLANG_WARN_BOOL_CONVERSION = YES;
				CLANG_WARN_COMMA = YES;
				CLANG_WARN_CONSTANT_CONVERSION = YES;
				CLANG_WARN_DEPRECATED_OBJC_IMPLEMENTATIONS = YES;
				CLANG_WARN_DIRECT_OBJC_ISA_USAGE = YES_ERROR;
				CLANG_WARN_DOCUMENTATION_COMMENTS = YES;
				CLANG_WARN_EMPTY_BODY = YES;
				CLANG_WARN_ENUM_CONVERSION = YES;
				CLANG_WARN_INFINITE_RECURSION = YES;
				CLANG_WARN_INT_CONVERSION = YES;
				CLANG_WARN_NON_LITERAL_NULL_CONVERSION = YES;
				CLANG_WARN_OBJC_IMPLICIT_RETAIN_SELF = YES;
				CLANG_WARN_OBJC_LITERAL_CONVERSION = YES;
				CLANG_WARN_OBJC_ROOT_CLASS = YES_ERROR;
				CLANG_WARN_QUOTED_INCLUDE_IN_FRAMEWORK_HEADER = YES;
				CLANG_WARN_RANGE_LOOP_ANALYSIS = YES;
				CLANG_WARN_STRICT_PROTOTYPES = YES;
				CLANG_WARN_SUSPICIOUS_MOVE = YES;
				CLANG_WARN_UNGUARDED_AVAILABILITY = YES_AGGRESSIVE;
				CLANG_WARN_UNREACHABLE_CODE = YES;
				CLANG_WARN__DUPLICATE_METHOD_MATCH = YES;
				COPY_PHASE_STRIP = NO;
				DEBUG_INFORMATION_FORMAT = dwarf;
				ENABLE_STRICT_OBJC_MSGSEND = YES;
				ENABLE_TESTABILITY = YES;
				GCC_C_LANGUAGE_STANDARD = gnu11;
				GCC_DYNAMIC_NO_PIC = NO;
				GCC_NO_COMMON_BLOCKS = YES;
				GCC_OPTIMIZATION_LEVEL = 0;
				GCC_PREPROCESSOR_DEFINITIONS = (
					"DEBUG=1",
					"$(inherited)",
				);
				GCC_WARN_64_TO_32_BIT_CONVERSION = YES;
				GCC_WARN_ABOUT_RETURN_TYPE = YES_ERROR;
				GCC_WARN_UNDECLARED_SELECTOR = YES;
				GCC_WARN_UNINITIALIZED_AUTOS = YES_AGGRESSIVE;
				GCC_WARN_UNUSED_FUNCTION = YES;
				GCC_WARN_UNUSED_VARIABLE = YES;
				IPHONEOS_DEPLOYMENT_TARGET = 15.5;
				MTL_ENABLE_DEBUG_INFO = INCLUDE_SOURCE;
				MTL_FAST_MATH = YES;
				ONLY_ACTIVE_ARCH = YES;
				SDKROOT = iphoneos;
				SWIFT_ACTIVE_COMPILATION_CONDITIONS = DEBUG;
				SWIFT_OPTIMIZATION_LEVEL = "-Onone";
			};
			name = Debug;
		};
		91789854288FB03F00B25124 /* Release */ = {
			isa = XCBuildConfiguration;
			buildSettings = {
				ALWAYS_SEARCH_USER_PATHS = NO;
				CLANG_ANALYZER_NONNULL = YES;
				CLANG_ANALYZER_NUMBER_OBJECT_CONVERSION = YES_AGGRESSIVE;
				CLANG_CXX_LANGUAGE_STANDARD = "gnu++17";
				CLANG_ENABLE_MODULES = YES;
				CLANG_ENABLE_OBJC_ARC = YES;
				CLANG_ENABLE_OBJC_WEAK = YES;
				CLANG_WARN_BLOCK_CAPTURE_AUTORELEASING = YES;
				CLANG_WARN_BOOL_CONVERSION = YES;
				CLANG_WARN_COMMA = YES;
				CLANG_WARN_CONSTANT_CONVERSION = YES;
				CLANG_WARN_DEPRECATED_OBJC_IMPLEMENTATIONS = YES;
				CLANG_WARN_DIRECT_OBJC_ISA_USAGE = YES_ERROR;
				CLANG_WARN_DOCUMENTATION_COMMENTS = YES;
				CLANG_WARN_EMPTY_BODY = YES;
				CLANG_WARN_ENUM_CONVERSION = YES;
				CLANG_WARN_INFINITE_RECURSION = YES;
				CLANG_WARN_INT_CONVERSION = YES;
				CLANG_WARN_NON_LITERAL_NULL_CONVERSION = YES;
				CLANG_WARN_OBJC_IMPLICIT_RETAIN_SELF = YES;
				CLANG_WARN_OBJC_LITERAL_CONVERSION = YES;
				CLANG_WARN_OBJC_ROOT_CLASS = YES_ERROR;
				CLANG_WARN_QUOTED_INCLUDE_IN_FRAMEWORK_HEADER = YES;
				CLANG_WARN_RANGE_LOOP_ANALYSIS = YES;
				CLANG_WARN_STRICT_PROTOTYPES = YES;
				CLANG_WARN_SUSPICIOUS_MOVE = YES;
				CLANG_WARN_UNGUARDED_AVAILABILITY = YES_AGGRESSIVE;
				CLANG_WARN_UNREACHABLE_CODE = YES;
				CLANG_WARN__DUPLICATE_METHOD_MATCH = YES;
				COPY_PHASE_STRIP = NO;
				DEBUG_INFORMATION_FORMAT = "dwarf-with-dsym";
				ENABLE_NS_ASSERTIONS = NO;
				ENABLE_STRICT_OBJC_MSGSEND = YES;
				GCC_C_LANGUAGE_STANDARD = gnu11;
				GCC_NO_COMMON_BLOCKS = YES;
				GCC_WARN_64_TO_32_BIT_CONVERSION = YES;
				GCC_WARN_ABOUT_RETURN_TYPE = YES_ERROR;
				GCC_WARN_UNDECLARED_SELECTOR = YES;
				GCC_WARN_UNINITIALIZED_AUTOS = YES_AGGRESSIVE;
				GCC_WARN_UNUSED_FUNCTION = YES;
				GCC_WARN_UNUSED_VARIABLE = YES;
				IPHONEOS_DEPLOYMENT_TARGET = 15.5;
				MTL_ENABLE_DEBUG_INFO = NO;
				MTL_FAST_MATH = YES;
				SDKROOT = iphoneos;
				SWIFT_COMPILATION_MODE = wholemodule;
				SWIFT_OPTIMIZATION_LEVEL = "-O";
				VALIDATE_PRODUCT = YES;
			};
			name = Release;
		};
		91789856288FB03F00B25124 /* Debug */ = {
			isa = XCBuildConfiguration;
			buildSettings = {
				ASSETCATALOG_COMPILER_APPICON_NAME = AppIcon;
				ASSETCATALOG_COMPILER_GLOBAL_ACCENT_COLOR_NAME = AccentColor;
				CODE_SIGN_STYLE = Automatic;
				CURRENT_PROJECT_VERSION = 1;
				DEVELOPMENT_ASSET_PATHS = "\"CO-LIFT/Preview Content\"";
				DEVELOPMENT_TEAM = BF79P7TU4J;
				ENABLE_PREVIEWS = YES;
				GENERATE_INFOPLIST_FILE = YES;
				INFOPLIST_FILE = "CO-LIFT/Info.plist";
				INFOPLIST_KEY_UIApplicationSceneManifest_Generation = YES;
				INFOPLIST_KEY_UIApplicationSupportsIndirectInputEvents = YES;
				INFOPLIST_KEY_UILaunchScreen_Generation = YES;
				INFOPLIST_KEY_UISupportedInterfaceOrientations_iPad = "UIInterfaceOrientationPortrait UIInterfaceOrientationPortraitUpsideDown UIInterfaceOrientationLandscapeLeft UIInterfaceOrientationLandscapeRight";
				INFOPLIST_KEY_UISupportedInterfaceOrientations_iPhone = "UIInterfaceOrientationPortrait UIInterfaceOrientationLandscapeLeft UIInterfaceOrientationLandscapeRight";
				LD_RUNPATH_SEARCH_PATHS = (
					"$(inherited)",
					"@executable_path/Frameworks",
				);
				MARKETING_VERSION = 1.0;
				PRODUCT_BUNDLE_IDENTIFIER = "com.IshnuSuresh.CO-LIFT";
				PRODUCT_NAME = "$(TARGET_NAME)";
				SWIFT_EMIT_LOC_STRINGS = YES;
				SWIFT_VERSION = 5.0;
				TARGETED_DEVICE_FAMILY = "1,2";
			};
			name = Debug;
		};
		91789857288FB03F00B25124 /* Release */ = {
			isa = XCBuildConfiguration;
			buildSettings = {
				ASSETCATALOG_COMPILER_APPICON_NAME = AppIcon;
				ASSETCATALOG_COMPILER_GLOBAL_ACCENT_COLOR_NAME = AccentColor;
				CODE_SIGN_STYLE = Automatic;
				CURRENT_PROJECT_VERSION = 1;
				DEVELOPMENT_ASSET_PATHS = "\"CO-LIFT/Preview Content\"";
				DEVELOPMENT_TEAM = BF79P7TU4J;
				ENABLE_PREVIEWS = YES;
				GENERATE_INFOPLIST_FILE = YES;
				INFOPLIST_FILE = "CO-LIFT/Info.plist";
				INFOPLIST_KEY_UIApplicationSceneManifest_Generation = YES;
				INFOPLIST_KEY_UIApplicationSupportsIndirectInputEvents = YES;
				INFOPLIST_KEY_UILaunchScreen_Generation = YES;
				INFOPLIST_KEY_UISupportedInterfaceOrientations_iPad = "UIInterfaceOrientationPortrait UIInterfaceOrientationPortraitUpsideDown UIInterfaceOrientationLandscapeLeft UIInterfaceOrientationLandscapeRight";
				INFOPLIST_KEY_UISupportedInterfaceOrientations_iPhone = "UIInterfaceOrientationPortrait UIInterfaceOrientationLandscapeLeft UIInterfaceOrientationLandscapeRight";
				LD_RUNPATH_SEARCH_PATHS = (
					"$(inherited)",
					"@executable_path/Frameworks",
				);
				MARKETING_VERSION = 1.0;
				PRODUCT_BUNDLE_IDENTIFIER = "com.IshnuSuresh.CO-LIFT";
				PRODUCT_NAME = "$(TARGET_NAME)";
				SWIFT_EMIT_LOC_STRINGS = YES;
				SWIFT_VERSION = 5.0;
				TARGETED_DEVICE_FAMILY = "1,2";
			};
			name = Release;
		};
		91789859288FB03F00B25124 /* Debug */ = {
			isa = XCBuildConfiguration;
			buildSettings = {
				ALWAYS_EMBED_SWIFT_STANDARD_LIBRARIES = YES;
				BUNDLE_LOADER = "$(TEST_HOST)";
				CODE_SIGN_STYLE = Automatic;
				CURRENT_PROJECT_VERSION = 1;
				GENERATE_INFOPLIST_FILE = YES;
				IPHONEOS_DEPLOYMENT_TARGET = 15.5;
				MARKETING_VERSION = 1.0;
				PRODUCT_BUNDLE_IDENTIFIER = "com.IshnuSuresh.CO-LIFTTests";
				PRODUCT_NAME = "$(TARGET_NAME)";
				SWIFT_EMIT_LOC_STRINGS = NO;
				SWIFT_VERSION = 5.0;
				TARGETED_DEVICE_FAMILY = "1,2";
				TEST_HOST = "$(BUILT_PRODUCTS_DIR)/CO-LIFT.app/CO-LIFT";
			};
			name = Debug;
		};
		9178985A288FB03F00B25124 /* Release */ = {
			isa = XCBuildConfiguration;
			buildSettings = {
				ALWAYS_EMBED_SWIFT_STANDARD_LIBRARIES = YES;
				BUNDLE_LOADER = "$(TEST_HOST)";
				CODE_SIGN_STYLE = Automatic;
				CURRENT_PROJECT_VERSION = 1;
				GENERATE_INFOPLIST_FILE = YES;
				IPHONEOS_DEPLOYMENT_TARGET = 15.5;
				MARKETING_VERSION = 1.0;
				PRODUCT_BUNDLE_IDENTIFIER = "com.IshnuSuresh.CO-LIFTTests";
				PRODUCT_NAME = "$(TARGET_NAME)";
				SWIFT_EMIT_LOC_STRINGS = NO;
				SWIFT_VERSION = 5.0;
				TARGETED_DEVICE_FAMILY = "1,2";
				TEST_HOST = "$(BUILT_PRODUCTS_DIR)/CO-LIFT.app/CO-LIFT";
			};
			name = Release;
		};
		9178985C288FB03F00B25124 /* Debug */ = {
			isa = XCBuildConfiguration;
			buildSettings = {
				ALWAYS_EMBED_SWIFT_STANDARD_LIBRARIES = YES;
				CODE_SIGN_STYLE = Automatic;
				CURRENT_PROJECT_VERSION = 1;
				GENERATE_INFOPLIST_FILE = YES;
				MARKETING_VERSION = 1.0;
				PRODUCT_BUNDLE_IDENTIFIER = "com.IshnuSuresh.CO-LIFTUITests";
				PRODUCT_NAME = "$(TARGET_NAME)";
				SWIFT_EMIT_LOC_STRINGS = NO;
				SWIFT_VERSION = 5.0;
				TARGETED_DEVICE_FAMILY = "1,2";
				TEST_TARGET_NAME = "CO-LIFT";
			};
			name = Debug;
		};
		9178985D288FB03F00B25124 /* Release */ = {
			isa = XCBuildConfiguration;
			buildSettings = {
				ALWAYS_EMBED_SWIFT_STANDARD_LIBRARIES = YES;
				CODE_SIGN_STYLE = Automatic;
				CURRENT_PROJECT_VERSION = 1;
				GENERATE_INFOPLIST_FILE = YES;
				MARKETING_VERSION = 1.0;
				PRODUCT_BUNDLE_IDENTIFIER = "com.IshnuSuresh.CO-LIFTUITests";
				PRODUCT_NAME = "$(TARGET_NAME)";
				SWIFT_EMIT_LOC_STRINGS = NO;
				SWIFT_VERSION = 5.0;
				TARGETED_DEVICE_FAMILY = "1,2";
				TEST_TARGET_NAME = "CO-LIFT";
			};
			name = Release;
		};
/* End XCBuildConfiguration section */

/* Begin XCConfigurationList section */
		9178982C288FB03D00B25124 /* Build configuration list for PBXProject "CO-LIFT" */ = {
			isa = XCConfigurationList;
			buildConfigurations = (
				91789853288FB03F00B25124 /* Debug */,
				91789854288FB03F00B25124 /* Release */,
			);
			defaultConfigurationIsVisible = 0;
			defaultConfigurationName = Release;
		};
		91789855288FB03F00B25124 /* Build configuration list for PBXNativeTarget "CO-LIFT" */ = {
			isa = XCConfigurationList;
			buildConfigurations = (
				91789856288FB03F00B25124 /* Debug */,
				91789857288FB03F00B25124 /* Release */,
			);
			defaultConfigurationIsVisible = 0;
			defaultConfigurationName = Release;
		};
		91789858288FB03F00B25124 /* Build configuration list for PBXNativeTarget "CO-LIFTTests" */ = {
			isa = XCConfigurationList;
			buildConfigurations = (
				91789859288FB03F00B25124 /* Debug */,
				9178985A288FB03F00B25124 /* Release */,
			);
			defaultConfigurationIsVisible = 0;
			defaultConfigurationName = Release;
		};
		9178985B288FB03F00B25124 /* Build configuration list for PBXNativeTarget "CO-LIFTUITests" */ = {
			isa = XCConfigurationList;
			buildConfigurations = (
				9178985C288FB03F00B25124 /* Debug */,
				9178985D288FB03F00B25124 /* Release */,
			);
			defaultConfigurationIsVisible = 0;
			defaultConfigurationName = Release;
		};
/* End XCConfigurationList section */

/* Begin XCRemoteSwiftPackageReference section */
		9154890D28974DC600764E4B /* XCRemoteSwiftPackageReference "firebase-ios-sdk" */ = {
			isa = XCRemoteSwiftPackageReference;
			repositoryURL = "https://github.com/firebase/firebase-ios-sdk.git";
			requirement = {
				branch = master;
				kind = branch;
			};
		};
/* End XCRemoteSwiftPackageReference section */

/* Begin XCSwiftPackageProductDependency section */
		9154890E28974DC600764E4B /* FirebaseAuth */ = {
			isa = XCSwiftPackageProductDependency;
			package = 9154890D28974DC600764E4B /* XCRemoteSwiftPackageReference "firebase-ios-sdk" */;
			productName = FirebaseAuth;
		};
/* End XCSwiftPackageProductDependency section */
	};
	rootObject = 91789829288FB03D00B25124 /* Project object */;
}
